
Microsoft Visual Studio Solution File, Format Version 12.00
# Visual Studio Version 17
VisualStudioVersion = 17.0.31903.59
MinimumVisualStudioVersion = 10.0.40219.1
Project("{FAE04EC0-301F-11D3-BF4B-00C04F79EFBC}") = "AcmeSchool.Application", "src\AcmeSchool.Application\AcmeSchool.Application.csproj", "{DB2EC7CD-10C7-4119-A573-D062D67F86B8}"
EndProject
Project("{FAE04EC0-301F-11D3-BF4B-00C04F79EFBC}") = "AcmeSchool.Domain", "src\AcmeSchool.Domain\AcmeSchool.Domain.csproj", "{43B89954-414D-4154-8674-B83A89AA62D9}"
EndProject
Project("{FAE04EC0-301F-11D3-BF4B-00C04F79EFBC}") = "AcmeSchool.UnitTests", "test\AcmeSchool.UnitTests\AcmeSchool.UnitTests.csproj", "{8864C4C2-736A-47C3-AFA1-E5CC441F3722}"
EndProject
Project("{2150E333-8FDC-42A3-9474-1A3956D46DE8}") = "src", "src", "{6A0C57B7-78D7-4F04-A106-758BD1317A05}"
EndProject
Project("{2150E333-8FDC-42A3-9474-1A3956D46DE8}") = "test", "test", "{6D8CDC1D-D0F8-4B3C-8646-C185FA5898EB}"
EndProject
Global
	GlobalSection(SolutionConfigurationPlatforms) = preSolution
		Debug|Any CPU = Debug|Any CPU
		Release|Any CPU = Release|Any CPU
	EndGlobalSection
	GlobalSection(ProjectConfigurationPlatforms) = postSolution
		{DB2EC7CD-10C7-4119-A573-D062D67F86B8}.Debug|Any CPU.ActiveCfg = Debug|Any CPU
		{DB2EC7CD-10C7-4119-A573-D062D67F86B8}.Debug|Any CPU.Build.0 = Debug|Any CPU
		{DB2EC7CD-10C7-4119-A573-D062D67F86B8}.Release|Any CPU.ActiveCfg = Release|Any CPU
		{DB2EC7CD-10C7-4119-A573-D062D67F86B8}.Release|Any CPU.Build.0 = Release|Any CPU
		{43B89954-414D-4154-8674-B83A89AA62D9}.Debug|Any CPU.ActiveCfg = Debug|Any CPU
		{43B89954-414D-4154-8674-B83A89AA62D9}.Debug|Any CPU.Build.0 = Debug|Any CPU
		{43B89954-414D-4154-8674-B83A89AA62D9}.Release|Any CPU.ActiveCfg = Release|Any CPU
		{43B89954-414D-4154-8674-B83A89AA62D9}.Release|Any CPU.Build.0 = Release|Any CPU
		{8864C4C2-736A-47C3-AFA1-E5CC441F3722}.Debug|Any CPU.ActiveCfg = Debug|Any CPU
		{8864C4C2-736A-47C3-AFA1-E5CC441F3722}.Debug|Any CPU.Build.0 = Debug|Any CPU
		{8864C4C2-736A-47C3-AFA1-E5CC441F3722}.Release|Any CPU.ActiveCfg = Release|Any CPU
		{8864C4C2-736A-47C3-AFA1-E5CC441F3722}.Release|Any CPU.Build.0 = Release|Any CPU
	EndGlobalSection
	GlobalSection(SolutionProperties) = preSolution
		HideSolutionNode = FALSE
	EndGlobalSection
	GlobalSection(NestedProjects) = preSolution
		{DB2EC7CD-10C7-4119-A573-D062D67F86B8} = {6A0C57B7-78D7-4F04-A106-758BD1317A05}
		{43B89954-414D-4154-8674-B83A89AA62D9} = {6A0C57B7-78D7-4F04-A106-758BD1317A05}
		{8864C4C2-736A-47C3-AFA1-E5CC441F3722} = {6D8CDC1D-D0F8-4B3C-8646-C185FA5898EB}
	EndGlobalSection
	GlobalSection(ExtensibilityGlobals) = postSolution
		SolutionGuid = {96BBAB75-C6CB-4713-BF55-D0222322F718}
	EndGlobalSection
EndGlobal
